
Microsoft Visual Studio Solution File, Format Version 12.00
# Visual Studio Version 17
VisualStudioVersion = 17.3.32819.101
MinimumVisualStudioVersion = 10.0.40219.1
Project("{FAE04EC0-301F-11D3-BF4B-00C04F79EFBC}") = "Deliverable (4)- Fibonacci", "Deliverable (4)- Fibonacci.csproj", "{4D2D9A64-5833-40AD-8DC9-42B4A62CF07F}"
EndProject
Global
	GlobalSection(SolutionConfigurationPlatforms) = preSolution
		Debug|Any CPU = Debug|Any CPU
		Release|Any CPU = Release|Any CPU
	EndGlobalSection
	GlobalSection(ProjectConfigurationPlatforms) = postSolution
		{4D2D9A64-5833-40AD-8DC9-42B4A62CF07F}.Debug|Any CPU.ActiveCfg = Debug|Any CPU
		{4D2D9A64-5833-40AD-8DC9-42B4A62CF07F}.Debug|Any CPU.Build.0 = Debug|Any CPU
		{4D2D9A64-5833-40AD-8DC9-42B4A62CF07F}.Release|Any CPU.ActiveCfg = Release|Any CPU
		{4D2D9A64-5833-40AD-8DC9-42B4A62CF07F}.Release|Any CPU.Build.0 = Release|Any CPU
	EndGlobalSection
	GlobalSection(SolutionProperties) = preSolution
		HideSolutionNode = FALSE
	EndGlobalSection
	GlobalSection(ExtensibilityGlobals) = postSolution
		SolutionGuid = {4DC03598-0EB6-46AA-99B2-EF9FAA521003}
	EndGlobalSection
EndGlobal
